
Microsoft Visual Studio Solution File, Format Version 12.00
# Visual Studio 15
VisualStudioVersion = 15.0.28307.106
MinimumVisualStudioVersion = 10.0.40219.1
Project("{8BC9CEB8-8B4A-11D0-8D11-00A0C91BC942}") = "Loops", "Loops\Loops.vcxproj", "{0E5DFA92-F993-47D6-A292-927CAC50B87C}"
EndProject
Project("{8BC9CEB8-8B4A-11D0-8D11-00A0C91BC942}") = "2_varibles", "2_varibles\2_varibles.vcxproj", "{C40C7C0C-96D3-4ACE-BF5F-33EF188F9AF7}"
EndProject
Project("{8BC9CEB8-8B4A-11D0-8D11-00A0C91BC942}") = "MultipleFiles", "MultipleFiles\MultipleFiles.vcxproj", "{32290F17-5A3E-4DCE-B483-569E064D14FD}"
EndProject
Project("{8BC9CEB8-8B4A-11D0-8D11-00A0C91BC942}") = "Arrays", "Arrays\Arrays.vcxproj", "{D74B2A0F-C5BD-42C7-BA7D-44DEEB3349D8}"
EndProject
Global
	GlobalSection(SolutionConfigurationPlatforms) = preSolution
		Debug|x64 = Debug|x64
		Debug|x86 = Debug|x86
		Release|x64 = Release|x64
		Release|x86 = Release|x86
	EndGlobalSection
	GlobalSection(ProjectConfigurationPlatforms) = postSolution
		{0E5DFA92-F993-47D6-A292-927CAC50B87C}.Debug|x64.ActiveCfg = Debug|x64
		{0E5DFA92-F993-47D6-A292-927CAC50B87C}.Debug|x64.Build.0 = Debug|x64
		{0E5DFA92-F993-47D6-A292-927CAC50B87C}.Debug|x86.ActiveCfg = Debug|Win32
		{0E5DFA92-F993-47D6-A292-927CAC50B87C}.Debug|x86.Build.0 = Debug|Win32
		{0E5DFA92-F993-47D6-A292-927CAC50B87C}.Release|x64.ActiveCfg = Release|x64
		{0E5DFA92-F993-47D6-A292-927CAC50B87C}.Release|x64.Build.0 = Release|x64
		{0E5DFA92-F993-47D6-A292-927CAC50B87C}.Release|x86.ActiveCfg = Release|Win32
		{0E5DFA92-F993-47D6-A292-927CAC50B87C}.Release|x86.Build.0 = Release|Win32
		{C40C7C0C-96D3-4ACE-BF5F-33EF188F9AF7}.Debug|x64.ActiveCfg = Debug|x64
		{C40C7C0C-96D3-4ACE-BF5F-33EF188F9AF7}.Debug|x64.Build.0 = Debug|x64
		{C40C7C0C-96D3-4ACE-BF5F-33EF188F9AF7}.Debug|x86.ActiveCfg = Debug|Win32
		{C40C7C0C-96D3-4ACE-BF5F-33EF188F9AF7}.Debug|x86.Build.0 = Debug|Win32
		{C40C7C0C-96D3-4ACE-BF5F-33EF188F9AF7}.Release|x64.ActiveCfg = Release|x64
		{C40C7C0C-96D3-4ACE-BF5F-33EF188F9AF7}.Release|x64.Build.0 = Release|x64
		{C40C7C0C-96D3-4ACE-BF5F-33EF188F9AF7}.Release|x86.ActiveCfg = Release|Win32
		{C40C7C0C-96D3-4ACE-BF5F-33EF188F9AF7}.Release|x86.Build.0 = Release|Win32
		{32290F17-5A3E-4DCE-B483-569E064D14FD}.Debug|x64.ActiveCfg = Debug|x64
		{32290F17-5A3E-4DCE-B483-569E064D14FD}.Debug|x64.Build.0 = Debug|x64
		{32290F17-5A3E-4DCE-B483-569E064D14FD}.Debug|x86.ActiveCfg = Debug|Win32
		{32290F17-5A3E-4DCE-B483-569E064D14FD}.Debug|x86.Build.0 = Debug|Win32
		{32290F17-5A3E-4DCE-B483-569E064D14FD}.Release|x64.ActiveCfg = Release|x64
		{32290F17-5A3E-4DCE-B483-569E064D14FD}.Release|x64.Build.0 = Release|x64
		{32290F17-5A3E-4DCE-B483-569E064D14FD}.Release|x86.ActiveCfg = Release|Win32
		{32290F17-5A3E-4DCE-B483-569E064D14FD}.Release|x86.Build.0 = Release|Win32
		{D74B2A0F-C5BD-42C7-BA7D-44DEEB3349D8}.Debug|x64.ActiveCfg = Debug|x64
		{D74B2A0F-C5BD-42C7-BA7D-44DEEB3349D8}.Debug|x64.Build.0 = Debug|x64
		{D74B2A0F-C5BD-42C7-BA7D-44DEEB3349D8}.Debug|x86.ActiveCfg = Debug|Win32
		{D74B2A0F-C5BD-42C7-BA7D-44DEEB3349D8}.Debug|x86.Build.0 = Debug|Win32
		{D74B2A0F-C5BD-42C7-BA7D-44DEEB3349D8}.Release|x64.ActiveCfg = Release|x64
		{D74B2A0F-C5BD-42C7-BA7D-44DEEB3349D8}.Release|x64.Build.0 = Release|x64
		{D74B2A0F-C5BD-42C7-BA7D-44DEEB3349D8}.Release|x86.ActiveCfg = Release|Win32
		{D74B2A0F-C5BD-42C7-BA7D-44DEEB3349D8}.Release|x86.Build.0 = Release|Win32
	EndGlobalSection
	GlobalSection(SolutionProperties) = preSolution
		HideSolutionNode = FALSE
	EndGlobalSection
	GlobalSection(ExtensibilityGlobals) = postSolution
		SolutionGuid = {53AE8148-8C08-480D-B7D9-995E780DEC25}
	EndGlobalSection
EndGlobal
