
Microsoft Visual Studio Solution File, Format Version 12.00
# Visual Studio 15
VisualStudioVersion = 15.0.28307.106
MinimumVisualStudioVersion = 10.0.40219.1
Project("{8BC9CEB8-8B4A-11D0-8D11-00A0C91BC942}") = "Loops", "Loops\Loops.vcxproj", "{0E5DFA92-F993-47D6-A292-927CAC50B87C}"
EndProject
Project("{8BC9CEB8-8B4A-11D0-8D11-00A0C91BC942}") = "2_varibles", "2_varibles\2_varibles.vcxproj", "{C40C7C0C-96D3-4ACE-BF5F-33EF188F9AF7}"
EndProject
Project("{8BC9CEB8-8B4A-11D0-8D11-00A0C91BC942}") = "MultipleFiles", "MultipleFiles\MultipleFiles.vcxproj", "{32290F17-5A3E-4DCE-B483-569E064D14FD}"
EndProject
Project("{8BC9CEB8-8B4A-11D0-8D11-00A0C91BC942}") = "Arrays", "Arrays\Arrays.vcxproj", "{D74B2A0F-C5BD-42C7-BA7D-44DEEB3349D8}"
EndProject
Project("{8BC9CEB8-8B4A-11D0-8D11-00A0C91BC942}") = "CharArray", "CharArray\CharArray.vcxproj", "{5850A78E-B484-4E2F-9DDE-B174676B2E10}"
EndProject
Project("{8BC9CEB8-8B4A-11D0-8D11-00A0C91BC942}") = "MemoryAllocationsDynamic", "MemoryAllocationsDynamic\MemoryAllocationsDynamic.vcxproj", "{168678D3-A840-4999-BDBF-1345BA84EE77}"
EndProject
Project("{8BC9CEB8-8B4A-11D0-8D11-00A0C91BC942}") = "Structures", "Structures\Structures.vcxproj", "{09516FF7-B057-4BB0-A0EE-E5667F19D108}"
EndProject
Project("{8BC9CEB8-8B4A-11D0-8D11-00A0C91BC942}") = "Classese", "Classese\Classese.vcxproj", "{139B042C-DB44-460B-A51C-7561DFF0B6CC}"
EndProject
Project("{8BC9CEB8-8B4A-11D0-8D11-00A0C91BC942}") = "ConAndDestructors", "ConAndDestructors\ConAndDestructors.vcxproj", "{F776301A-4694-4A1B-93B1-E172360329C0}"
EndProject
Project("{8BC9CEB8-8B4A-11D0-8D11-00A0C91BC942}") = "DeepAndShallowCopy", "DeepAndShallowCopy\DeepAndShallowCopy.vcxproj", "{2B9136CE-5AA8-467F-9EC0-0E82250F9822}"
EndProject
Project("{8BC9CEB8-8B4A-11D0-8D11-00A0C91BC942}") = "InheritanceAndPolymorph", "InheritanceAndPolymorph\InheritanceAndPolymorph.vcxproj", "{069A7C30-C67C-473D-9219-A2844DC8A561}"
EndProject
Global
	GlobalSection(SolutionConfigurationPlatforms) = preSolution
		Debug|x64 = Debug|x64
		Debug|x86 = Debug|x86
		Release|x64 = Release|x64
		Release|x86 = Release|x86
	EndGlobalSection
	GlobalSection(ProjectConfigurationPlatforms) = postSolution
		{0E5DFA92-F993-47D6-A292-927CAC50B87C}.Debug|x64.ActiveCfg = Debug|x64
		{0E5DFA92-F993-47D6-A292-927CAC50B87C}.Debug|x64.Build.0 = Debug|x64
		{0E5DFA92-F993-47D6-A292-927CAC50B87C}.Debug|x86.ActiveCfg = Debug|Win32
		{0E5DFA92-F993-47D6-A292-927CAC50B87C}.Debug|x86.Build.0 = Debug|Win32
		{0E5DFA92-F993-47D6-A292-927CAC50B87C}.Release|x64.ActiveCfg = Release|x64
		{0E5DFA92-F993-47D6-A292-927CAC50B87C}.Release|x64.Build.0 = Release|x64
		{0E5DFA92-F993-47D6-A292-927CAC50B87C}.Release|x86.ActiveCfg = Release|Win32
		{0E5DFA92-F993-47D6-A292-927CAC50B87C}.Release|x86.Build.0 = Release|Win32
		{C40C7C0C-96D3-4ACE-BF5F-33EF188F9AF7}.Debug|x64.ActiveCfg = Debug|x64
		{C40C7C0C-96D3-4ACE-BF5F-33EF188F9AF7}.Debug|x64.Build.0 = Debug|x64
		{C40C7C0C-96D3-4ACE-BF5F-33EF188F9AF7}.Debug|x86.ActiveCfg = Debug|Win32
		{C40C7C0C-96D3-4ACE-BF5F-33EF188F9AF7}.Debug|x86.Build.0 = Debug|Win32
		{C40C7C0C-96D3-4ACE-BF5F-33EF188F9AF7}.Release|x64.ActiveCfg = Release|x64
		{C40C7C0C-96D3-4ACE-BF5F-33EF188F9AF7}.Release|x64.Build.0 = Release|x64
		{C40C7C0C-96D3-4ACE-BF5F-33EF188F9AF7}.Release|x86.ActiveCfg = Release|Win32
		{C40C7C0C-96D3-4ACE-BF5F-33EF188F9AF7}.Release|x86.Build.0 = Release|Win32
		{32290F17-5A3E-4DCE-B483-569E064D14FD}.Debug|x64.ActiveCfg = Debug|x64
		{32290F17-5A3E-4DCE-B483-569E064D14FD}.Debug|x64.Build.0 = Debug|x64
		{32290F17-5A3E-4DCE-B483-569E064D14FD}.Debug|x86.ActiveCfg = Debug|Win32
		{32290F17-5A3E-4DCE-B483-569E064D14FD}.Debug|x86.Build.0 = Debug|Win32
		{32290F17-5A3E-4DCE-B483-569E064D14FD}.Release|x64.ActiveCfg = Release|x64
		{32290F17-5A3E-4DCE-B483-569E064D14FD}.Release|x64.Build.0 = Release|x64
		{32290F17-5A3E-4DCE-B483-569E064D14FD}.Release|x86.ActiveCfg = Release|Win32
		{32290F17-5A3E-4DCE-B483-569E064D14FD}.Release|x86.Build.0 = Release|Win32
		{D74B2A0F-C5BD-42C7-BA7D-44DEEB3349D8}.Debug|x64.ActiveCfg = Debug|x64
		{D74B2A0F-C5BD-42C7-BA7D-44DEEB3349D8}.Debug|x64.Build.0 = Debug|x64
		{D74B2A0F-C5BD-42C7-BA7D-44DEEB3349D8}.Debug|x86.ActiveCfg = Debug|Win32
		{D74B2A0F-C5BD-42C7-BA7D-44DEEB3349D8}.Debug|x86.Build.0 = Debug|Win32
		{D74B2A0F-C5BD-42C7-BA7D-44DEEB3349D8}.Release|x64.ActiveCfg = Release|x64
		{D74B2A0F-C5BD-42C7-BA7D-44DEEB3349D8}.Release|x64.Build.0 = Release|x64
		{D74B2A0F-C5BD-42C7-BA7D-44DEEB3349D8}.Release|x86.ActiveCfg = Release|Win32
		{D74B2A0F-C5BD-42C7-BA7D-44DEEB3349D8}.Release|x86.Build.0 = Release|Win32
		{5850A78E-B484-4E2F-9DDE-B174676B2E10}.Debug|x64.ActiveCfg = Debug|x64
		{5850A78E-B484-4E2F-9DDE-B174676B2E10}.Debug|x64.Build.0 = Debug|x64
		{5850A78E-B484-4E2F-9DDE-B174676B2E10}.Debug|x86.ActiveCfg = Debug|Win32
		{5850A78E-B484-4E2F-9DDE-B174676B2E10}.Debug|x86.Build.0 = Debug|Win32
		{5850A78E-B484-4E2F-9DDE-B174676B2E10}.Release|x64.ActiveCfg = Release|x64
		{5850A78E-B484-4E2F-9DDE-B174676B2E10}.Release|x64.Build.0 = Release|x64
		{5850A78E-B484-4E2F-9DDE-B174676B2E10}.Release|x86.ActiveCfg = Release|Win32
		{5850A78E-B484-4E2F-9DDE-B174676B2E10}.Release|x86.Build.0 = Release|Win32
		{168678D3-A840-4999-BDBF-1345BA84EE77}.Debug|x64.ActiveCfg = Debug|x64
		{168678D3-A840-4999-BDBF-1345BA84EE77}.Debug|x64.Build.0 = Debug|x64
		{168678D3-A840-4999-BDBF-1345BA84EE77}.Debug|x86.ActiveCfg = Debug|Win32
		{168678D3-A840-4999-BDBF-1345BA84EE77}.Debug|x86.Build.0 = Debug|Win32
		{168678D3-A840-4999-BDBF-1345BA84EE77}.Release|x64.ActiveCfg = Release|x64
		{168678D3-A840-4999-BDBF-1345BA84EE77}.Release|x64.Build.0 = Release|x64
		{168678D3-A840-4999-BDBF-1345BA84EE77}.Release|x86.ActiveCfg = Release|Win32
		{168678D3-A840-4999-BDBF-1345BA84EE77}.Release|x86.Build.0 = Release|Win32
		{09516FF7-B057-4BB0-A0EE-E5667F19D108}.Debug|x64.ActiveCfg = Debug|x64
		{09516FF7-B057-4BB0-A0EE-E5667F19D108}.Debug|x64.Build.0 = Debug|x64
		{09516FF7-B057-4BB0-A0EE-E5667F19D108}.Debug|x86.ActiveCfg = Debug|Win32
		{09516FF7-B057-4BB0-A0EE-E5667F19D108}.Debug|x86.Build.0 = Debug|Win32
		{09516FF7-B057-4BB0-A0EE-E5667F19D108}.Release|x64.ActiveCfg = Release|x64
		{09516FF7-B057-4BB0-A0EE-E5667F19D108}.Release|x64.Build.0 = Release|x64
		{09516FF7-B057-4BB0-A0EE-E5667F19D108}.Release|x86.ActiveCfg = Release|Win32
		{09516FF7-B057-4BB0-A0EE-E5667F19D108}.Release|x86.Build.0 = Release|Win32
		{139B042C-DB44-460B-A51C-7561DFF0B6CC}.Debug|x64.ActiveCfg = Debug|x64
		{139B042C-DB44-460B-A51C-7561DFF0B6CC}.Debug|x64.Build.0 = Debug|x64
		{139B042C-DB44-460B-A51C-7561DFF0B6CC}.Debug|x86.ActiveCfg = Debug|Win32
		{139B042C-DB44-460B-A51C-7561DFF0B6CC}.Debug|x86.Build.0 = Debug|Win32
		{139B042C-DB44-460B-A51C-7561DFF0B6CC}.Release|x64.ActiveCfg = Release|x64
		{139B042C-DB44-460B-A51C-7561DFF0B6CC}.Release|x64.Build.0 = Release|x64
		{139B042C-DB44-460B-A51C-7561DFF0B6CC}.Release|x86.ActiveCfg = Release|Win32
		{139B042C-DB44-460B-A51C-7561DFF0B6CC}.Release|x86.Build.0 = Release|Win32
		{F776301A-4694-4A1B-93B1-E172360329C0}.Debug|x64.ActiveCfg = Debug|x64
		{F776301A-4694-4A1B-93B1-E172360329C0}.Debug|x64.Build.0 = Debug|x64
		{F776301A-4694-4A1B-93B1-E172360329C0}.Debug|x86.ActiveCfg = Debug|Win32
		{F776301A-4694-4A1B-93B1-E172360329C0}.Debug|x86.Build.0 = Debug|Win32
		{F776301A-4694-4A1B-93B1-E172360329C0}.Release|x64.ActiveCfg = Release|x64
		{F776301A-4694-4A1B-93B1-E172360329C0}.Release|x64.Build.0 = Release|x64
		{F776301A-4694-4A1B-93B1-E172360329C0}.Release|x86.ActiveCfg = Release|Win32
		{F776301A-4694-4A1B-93B1-E172360329C0}.Release|x86.Build.0 = Release|Win32
		{2B9136CE-5AA8-467F-9EC0-0E82250F9822}.Debug|x64.ActiveCfg = Debug|x64
		{2B9136CE-5AA8-467F-9EC0-0E82250F9822}.Debug|x64.Build.0 = Debug|x64
		{2B9136CE-5AA8-467F-9EC0-0E82250F9822}.Debug|x86.ActiveCfg = Debug|Win32
		{2B9136CE-5AA8-467F-9EC0-0E82250F9822}.Debug|x86.Build.0 = Debug|Win32
		{2B9136CE-5AA8-467F-9EC0-0E82250F9822}.Release|x64.ActiveCfg = Release|x64
		{2B9136CE-5AA8-467F-9EC0-0E82250F9822}.Release|x64.Build.0 = Release|x64
		{2B9136CE-5AA8-467F-9EC0-0E82250F9822}.Release|x86.ActiveCfg = Release|Win32
		{2B9136CE-5AA8-467F-9EC0-0E82250F9822}.Release|x86.Build.0 = Release|Win32
		{069A7C30-C67C-473D-9219-A2844DC8A561}.Debug|x64.ActiveCfg = Debug|x64
		{069A7C30-C67C-473D-9219-A2844DC8A561}.Debug|x64.Build.0 = Debug|x64
		{069A7C30-C67C-473D-9219-A2844DC8A561}.Debug|x86.ActiveCfg = Debug|Win32
		{069A7C30-C67C-473D-9219-A2844DC8A561}.Debug|x86.Build.0 = Debug|Win32
		{069A7C30-C67C-473D-9219-A2844DC8A561}.Release|x64.ActiveCfg = Release|x64
		{069A7C30-C67C-473D-9219-A2844DC8A561}.Release|x64.Build.0 = Release|x64
		{069A7C30-C67C-473D-9219-A2844DC8A561}.Release|x86.ActiveCfg = Release|Win32
		{069A7C30-C67C-473D-9219-A2844DC8A561}.Release|x86.Build.0 = Release|Win32
	EndGlobalSection
	GlobalSection(SolutionProperties) = preSolution
		HideSolutionNode = FALSE
	EndGlobalSection
	GlobalSection(ExtensibilityGlobals) = postSolution
		SolutionGuid = {53AE8148-8C08-480D-B7D9-995E780DEC25}
	EndGlobalSection
EndGlobal
